
Microsoft Visual Studio Solution File, Format Version 11.00
# Visual Web Developer Express 2010
Project("{FAE04EC0-301F-11D3-BF4B-00C04F79EFBC}") = "Enumerations", "Enumerations\Enumerations.csproj", "{2C6B3704-1AEF-4938-B3FF-5EA4D9E307FC}"
EndProject
Project("{FAE04EC0-301F-11D3-BF4B-00C04F79EFBC}") = "ValueVSReference", "ValueVSReference\ValueVSReference.csproj", "{12C8D5BE-00ED-4097-B3A4-2F54152C46D0}"
EndProject
Project("{FAE04EC0-301F-11D3-BF4B-00C04F79EFBC}") = "Structs", "Structs\Structs.csproj", "{54B62909-2943-49B6-8DC0-B9267D7014B8}"
EndProject
Project("{FAE04EC0-301F-11D3-BF4B-00C04F79EFBC}") = "NameSpace", "NameSpace\NameSpace.csproj", "{B6201FAF-406D-4B2F-ACD8-CC9B46999213}"
EndProject
Global
	GlobalSection(SolutionConfigurationPlatforms) = preSolution
		Debug|Any CPU = Debug|Any CPU
		Release|Any CPU = Release|Any CPU
	EndGlobalSection
	GlobalSection(ProjectConfigurationPlatforms) = postSolution
		{2C6B3704-1AEF-4938-B3FF-5EA4D9E307FC}.Debug|Any CPU.ActiveCfg = Debug|Any CPU
		{2C6B3704-1AEF-4938-B3FF-5EA4D9E307FC}.Debug|Any CPU.Build.0 = Debug|Any CPU
		{2C6B3704-1AEF-4938-B3FF-5EA4D9E307FC}.Release|Any CPU.ActiveCfg = Release|Any CPU
		{2C6B3704-1AEF-4938-B3FF-5EA4D9E307FC}.Release|Any CPU.Build.0 = Release|Any CPU
		{12C8D5BE-00ED-4097-B3A4-2F54152C46D0}.Debug|Any CPU.ActiveCfg = Debug|Any CPU
		{12C8D5BE-00ED-4097-B3A4-2F54152C46D0}.Debug|Any CPU.Build.0 = Debug|Any CPU
		{12C8D5BE-00ED-4097-B3A4-2F54152C46D0}.Release|Any CPU.ActiveCfg = Release|Any CPU
		{12C8D5BE-00ED-4097-B3A4-2F54152C46D0}.Release|Any CPU.Build.0 = Release|Any CPU
		{54B62909-2943-49B6-8DC0-B9267D7014B8}.Debug|Any CPU.ActiveCfg = Debug|Any CPU
		{54B62909-2943-49B6-8DC0-B9267D7014B8}.Debug|Any CPU.Build.0 = Debug|Any CPU
		{54B62909-2943-49B6-8DC0-B9267D7014B8}.Release|Any CPU.ActiveCfg = Release|Any CPU
		{54B62909-2943-49B6-8DC0-B9267D7014B8}.Release|Any CPU.Build.0 = Release|Any CPU
		{B6201FAF-406D-4B2F-ACD8-CC9B46999213}.Debug|Any CPU.ActiveCfg = Debug|Any CPU
		{B6201FAF-406D-4B2F-ACD8-CC9B46999213}.Debug|Any CPU.Build.0 = Debug|Any CPU
		{B6201FAF-406D-4B2F-ACD8-CC9B46999213}.Release|Any CPU.ActiveCfg = Release|Any CPU
		{B6201FAF-406D-4B2F-ACD8-CC9B46999213}.Release|Any CPU.Build.0 = Release|Any CPU
	EndGlobalSection
	GlobalSection(SolutionProperties) = preSolution
		HideSolutionNode = FALSE
	EndGlobalSection
EndGlobal
